
Microsoft Visual Studio Solution File, Format Version 12.00
# Visual Studio Version 16
VisualStudioVersion = 16.0.31702.278
MinimumVisualStudioVersion = 10.0.40219.1
Project("{FAE04EC0-301F-11D3-BF4B-00C04F79EFBC}") = "Matrixok", "Matrixok\Matrixok.csproj", "{012F3DFD-1B93-4342-91E3-6AB7131E57D1}"
EndProject
Global
	GlobalSection(SolutionConfigurationPlatforms) = preSolution
		Debug|Any CPU = Debug|Any CPU
		Release|Any CPU = Release|Any CPU
	EndGlobalSection
	GlobalSection(ProjectConfigurationPlatforms) = postSolution
		{012F3DFD-1B93-4342-91E3-6AB7131E57D1}.Debug|Any CPU.ActiveCfg = Debug|Any CPU
		{012F3DFD-1B93-4342-91E3-6AB7131E57D1}.Debug|Any CPU.Build.0 = Debug|Any CPU
		{012F3DFD-1B93-4342-91E3-6AB7131E57D1}.Release|Any CPU.ActiveCfg = Release|Any CPU
		{012F3DFD-1B93-4342-91E3-6AB7131E57D1}.Release|Any CPU.Build.0 = Release|Any CPU
	EndGlobalSection
	GlobalSection(SolutionProperties) = preSolution
		HideSolutionNode = FALSE
	EndGlobalSection
	GlobalSection(ExtensibilityGlobals) = postSolution
		SolutionGuid = {3637ACD1-31CD-426F-84BA-06C9951A33B3}
	EndGlobalSection
EndGlobal
